// !$*UTF8*$!
{
	archiveVersion = 1;
	classes = {
	};
	objectVersion = 56;
	objects = {

/* Begin PBXBuildFile section */
		3915B13B2C731E1E00EFEE76 /* NetworkingLayer.swift in Sources */ = {isa = PBXBuildFile; fileRef = 3915B13A2C731E1E00EFEE76 /* NetworkingLayer.swift */; };
		3915B13D2C731E5B00EFEE76 /* NetworkError.swift in Sources */ = {isa = PBXBuildFile; fileRef = 3915B13C2C731E5B00EFEE76 /* NetworkError.swift */; };
		3915B13F2C731E7300EFEE76 /* DataParser.swift in Sources */ = {isa = PBXBuildFile; fileRef = 3915B13E2C731E7300EFEE76 /* DataParser.swift */; };
		3915B1422C731F6B00EFEE76 /* Movie.swift in Sources */ = {isa = PBXBuildFile; fileRef = 3915B1412C731F6B00EFEE76 /* Movie.swift */; };
		3915B1462C751B8C00EFEE76 /* HomeViewModel.swift in Sources */ = {isa = PBXBuildFile; fileRef = 3915B1452C751B8C00EFEE76 /* HomeViewModel.swift */; };
		397EA30C2C635B520020FE9D /* AppDelegate.swift in Sources */ = {isa = PBXBuildFile; fileRef = 397EA30B2C635B520020FE9D /* AppDelegate.swift */; };
		397EA30E2C635B520020FE9D /* SceneDelegate.swift in Sources */ = {isa = PBXBuildFile; fileRef = 397EA30D2C635B520020FE9D /* SceneDelegate.swift */; };
		397EA3102C635B520020FE9D /* HomeViewController.swift in Sources */ = {isa = PBXBuildFile; fileRef = 397EA30F2C635B520020FE9D /* HomeViewController.swift */; };
		397EA3152C635B540020FE9D /* Assets.xcassets in Resources */ = {isa = PBXBuildFile; fileRef = 397EA3142C635B540020FE9D /* Assets.xcassets */; };
		397EA3182C635B540020FE9D /* LaunchScreen.storyboard in Resources */ = {isa = PBXBuildFile; fileRef = 397EA3162C635B540020FE9D /* LaunchScreen.storyboard */; };
		39C283DE2C762F410073C8B5 /* HomeTableViewCellModel.swift in Sources */ = {isa = PBXBuildFile; fileRef = 39C283DD2C762F410073C8B5 /* HomeTableViewCellModel.swift */; };
		39C392952C7BC96400751A9B /* MoviesDetailViewController.swift in Sources */ = {isa = PBXBuildFile; fileRef = 39C392942C7BC96400751A9B /* MoviesDetailViewController.swift */; };
		39EB15842C636EAE00C12DFA /* EndpointRepository.swift in Sources */ = {isa = PBXBuildFile; fileRef = 39EB15832C636EAE00C12DFA /* EndpointRepository.swift */; };
		39F7260E2C655E8B00E3C5F8 /* HomeTableViewCell.swift in Sources */ = {isa = PBXBuildFile; fileRef = 39F7260D2C655E8B00E3C5F8 /* HomeTableViewCell.swift */; };
		39F726112C66AC4C00E3C5F8 /* HomeCollectionViewCell.swift in Sources */ = {isa = PBXBuildFile; fileRef = 39F726102C66AC4C00E3C5F8 /* HomeCollectionViewCell.swift */; };
/* End PBXBuildFile section */

/* Begin PBXFileReference section */
		3915B13A2C731E1E00EFEE76 /* NetworkingLayer.swift */ = {isa = PBXFileReference; lastKnownFileType = sourcecode.swift; path = NetworkingLayer.swift; sourceTree = "<group>"; };
		3915B13C2C731E5B00EFEE76 /* NetworkError.swift */ = {isa = PBXFileReference; fileEncoding = 4; lastKnownFileType = sourcecode.swift; path = NetworkError.swift; sourceTree = "<group>"; };
		3915B13E2C731E7300EFEE76 /* DataParser.swift */ = {isa = PBXFileReference; fileEncoding = 4; lastKnownFileType = sourcecode.swift; path = DataParser.swift; sourceTree = "<group>"; };
		3915B1412C731F6B00EFEE76 /* Movie.swift */ = {isa = PBXFileReference; fileEncoding = 4; lastKnownFileType = sourcecode.swift; path = Movie.swift; sourceTree = "<group>"; };
		3915B1452C751B8C00EFEE76 /* HomeViewModel.swift */ = {isa = PBXFileReference; lastKnownFileType = sourcecode.swift; path = HomeViewModel.swift; sourceTree = "<group>"; };
		397EA3082C635B520020FE9D /* Sauber.app */ = {isa = PBXFileReference; explicitFileType = wrapper.application; includeInIndex = 0; path = Sauber.app; sourceTree = BUILT_PRODUCTS_DIR; };
		397EA30B2C635B520020FE9D /* AppDelegate.swift */ = {isa = PBXFileReference; lastKnownFileType = sourcecode.swift; path = AppDelegate.swift; sourceTree = "<group>"; };
		397EA30D2C635B520020FE9D /* SceneDelegate.swift */ = {isa = PBXFileReference; lastKnownFileType = sourcecode.swift; path = SceneDelegate.swift; sourceTree = "<group>"; };
		397EA30F2C635B520020FE9D /* HomeViewController.swift */ = {isa = PBXFileReference; lastKnownFileType = sourcecode.swift; path = HomeViewController.swift; sourceTree = "<group>"; };
		397EA3142C635B540020FE9D /* Assets.xcassets */ = {isa = PBXFileReference; lastKnownFileType = folder.assetcatalog; path = Assets.xcassets; sourceTree = "<group>"; };
		397EA3172C635B540020FE9D /* Base */ = {isa = PBXFileReference; lastKnownFileType = file.storyboard; name = Base; path = Base.lproj/LaunchScreen.storyboard; sourceTree = "<group>"; };
		397EA3192C635B540020FE9D /* Info.plist */ = {isa = PBXFileReference; lastKnownFileType = text.plist.xml; path = Info.plist; sourceTree = "<group>"; };
		39C283DD2C762F410073C8B5 /* HomeTableViewCellModel.swift */ = {isa = PBXFileReference; lastKnownFileType = sourcecode.swift; path = HomeTableViewCellModel.swift; sourceTree = "<group>"; };
		39C392942C7BC96400751A9B /* MoviesDetailViewController.swift */ = {isa = PBXFileReference; lastKnownFileType = sourcecode.swift; path = MoviesDetailViewController.swift; sourceTree = "<group>"; };
		39EB15832C636EAE00C12DFA /* EndpointRepository.swift */ = {isa = PBXFileReference; lastKnownFileType = sourcecode.swift; path = EndpointRepository.swift; sourceTree = "<group>"; };
		39F7260D2C655E8B00E3C5F8 /* HomeTableViewCell.swift */ = {isa = PBXFileReference; lastKnownFileType = sourcecode.swift; path = HomeTableViewCell.swift; sourceTree = "<group>"; };
		39F726102C66AC4C00E3C5F8 /* HomeCollectionViewCell.swift */ = {isa = PBXFileReference; lastKnownFileType = sourcecode.swift; path = HomeCollectionViewCell.swift; sourceTree = "<group>"; };
/* End PBXFileReference section */

/* Begin PBXFrameworksBuildPhase section */
		397EA3052C635B520020FE9D /* Frameworks */ = {
			isa = PBXFrameworksBuildPhase;
			buildActionMask = 2147483647;
			files = (
			);
			runOnlyForDeploymentPostprocessing = 0;
		};
/* End PBXFrameworksBuildPhase section */

/* Begin PBXGroup section */
		3915B1402C731F4F00EFEE76 /* Model */ = {
			isa = PBXGroup;
			children = (
				3915B1412C731F6B00EFEE76 /* Movie.swift */,
			);
			path = Model;
			sourceTree = "<group>";
		};
		397EA2FF2C635B520020FE9D = {
			isa = PBXGroup;
			children = (
				397EA30A2C635B520020FE9D /* Sauber */,
				397EA3092C635B520020FE9D /* Products */,
			);
			sourceTree = "<group>";
		};
		397EA3092C635B520020FE9D /* Products */ = {
			isa = PBXGroup;
			children = (
				397EA3082C635B520020FE9D /* Sauber.app */,
			);
			name = Products;
			sourceTree = "<group>";
		};
		397EA30A2C635B520020FE9D /* Sauber */ = {
			isa = PBXGroup;
			children = (
				39F7260B2C65507C00E3C5F8 /* Application */,
				3915B1402C731F4F00EFEE76 /* Model */,
				39EB15852C637FCD00C12DFA /* Fiatures */,
				39EB157E2C636E2700C12DFA /* Networking */,
				397EA3142C635B540020FE9D /* Assets.xcassets */,
				397EA3162C635B540020FE9D /* LaunchScreen.storyboard */,
				397EA3192C635B540020FE9D /* Info.plist */,
			);
			path = Sauber;
			sourceTree = "<group>";
		};
		39EB157E2C636E2700C12DFA /* Networking */ = {
			isa = PBXGroup;
			children = (
				39EB15822C636E8900C12DFA /* EndPointRepository */,
				39EB157F2C636E3500C12DFA /* APIManager */,
			);
			path = Networking;
			sourceTree = "<group>";
		};
		39EB157F2C636E3500C12DFA /* APIManager */ = {
			isa = PBXGroup;
			children = (
				3915B13A2C731E1E00EFEE76 /* NetworkingLayer.swift */,
				3915B13C2C731E5B00EFEE76 /* NetworkError.swift */,
				3915B13E2C731E7300EFEE76 /* DataParser.swift */,
			);
			path = APIManager;
			sourceTree = "<group>";
		};
		39EB15822C636E8900C12DFA /* EndPointRepository */ = {
			isa = PBXGroup;
			children = (
				39EB15832C636EAE00C12DFA /* EndpointRepository.swift */,
			);
			path = EndPointRepository;
			sourceTree = "<group>";
		};
		39EB15852C637FCD00C12DFA /* Fiatures */ = {
			isa = PBXGroup;
			children = (
				39EB15872C637FDE00C12DFA /* Home */,
				39EB15882C637FF000C12DFA /* ItemList */,
				39EB15892C63800500C12DFA /* ItemDetail */,
			);
			path = Fiatures;
			sourceTree = "<group>";
		};
		39EB15872C637FDE00C12DFA /* Home */ = {
			isa = PBXGroup;
			children = (
				39F7260F2C66AC1300E3C5F8 /* HomeCollectionViewCell */,
				39F7260C2C65591500E3C5F8 /* HomeTableViewCell */,
				397EA30F2C635B520020FE9D /* HomeViewController.swift */,
				3915B1452C751B8C00EFEE76 /* HomeViewModel.swift */,
			);
			path = Home;
			sourceTree = "<group>";
		};
		39EB15882C637FF000C12DFA /* ItemList */ = {
			isa = PBXGroup;
			children = (
			);
			path = ItemList;
			sourceTree = "<group>";
		};
		39EB15892C63800500C12DFA /* ItemDetail */ = {
			isa = PBXGroup;
			children = (
				39C392942C7BC96400751A9B /* MoviesDetailViewController.swift */,
			);
			path = ItemDetail;
			sourceTree = "<group>";
		};
		39F7260B2C65507C00E3C5F8 /* Application */ = {
			isa = PBXGroup;
			children = (
				397EA30B2C635B520020FE9D /* AppDelegate.swift */,
				397EA30D2C635B520020FE9D /* SceneDelegate.swift */,
			);
			path = Application;
			sourceTree = "<group>";
		};
		39F7260C2C65591500E3C5F8 /* HomeTableViewCell */ = {
			isa = PBXGroup;
			children = (
				39F7260D2C655E8B00E3C5F8 /* HomeTableViewCell.swift */,
				39C283DD2C762F410073C8B5 /* HomeTableViewCellModel.swift */,
			);
			path = HomeTableViewCell;
			sourceTree = "<group>";
		};
		39F7260F2C66AC1300E3C5F8 /* HomeCollectionViewCell */ = {
			isa = PBXGroup;
			children = (
				39F726102C66AC4C00E3C5F8 /* HomeCollectionViewCell.swift */,
			);
			path = HomeCollectionViewCell;
			sourceTree = "<group>";
		};
/* End PBXGroup section */

/* Begin PBXNativeTarget section */
		397EA3072C635B520020FE9D /* Sauber */ = {
			isa = PBXNativeTarget;
			buildConfigurationList = 397EA31C2C635B540020FE9D /* Build configuration list for PBXNativeTarget "Sauber" */;
			buildPhases = (
				397EA3042C635B520020FE9D /* Sources */,
				397EA3052C635B520020FE9D /* Frameworks */,
				397EA3062C635B520020FE9D /* Resources */,
			);
			buildRules = (
			);
			dependencies = (
			);
			name = Sauber;
			productName = Sauber;
			productReference = 397EA3082C635B520020FE9D /* Sauber.app */;
			productType = "com.apple.product-type.application";
		};
/* End PBXNativeTarget section */

/* Begin PBXProject section */
		397EA3002C635B520020FE9D /* Project object */ = {
			isa = PBXProject;
			attributes = {
				BuildIndependentTargetsInParallel = 1;
				LastSwiftUpdateCheck = 1400;
				LastUpgradeCheck = 1400;
				TargetAttributes = {
					397EA3072C635B520020FE9D = {
						CreatedOnToolsVersion = 14.0.1;
					};
				};
			};
			buildConfigurationList = 397EA3032C635B520020FE9D /* Build configuration list for PBXProject "Sauber" */;
			compatibilityVersion = "Xcode 14.0";
			developmentRegion = en;
			hasScannedForEncodings = 0;
			knownRegions = (
				en,
				Base,
			);
			mainGroup = 397EA2FF2C635B520020FE9D;
			productRefGroup = 397EA3092C635B520020FE9D /* Products */;
			projectDirPath = "";
			projectRoot = "";
			targets = (
				397EA3072C635B520020FE9D /* Sauber */,
			);
		};
/* End PBXProject section */

/* Begin PBXResourcesBuildPhase section */
		397EA3062C635B520020FE9D /* Resources */ = {
			isa = PBXResourcesBuildPhase;
			buildActionMask = 2147483647;
			files = (
				397EA3182C635B540020FE9D /* LaunchScreen.storyboard in Resources */,
				397EA3152C635B540020FE9D /* Assets.xcassets in Resources */,
			);
			runOnlyForDeploymentPostprocessing = 0;
		};
/* End PBXResourcesBuildPhase section */

/* Begin PBXSourcesBuildPhase section */
		397EA3042C635B520020FE9D /* Sources */ = {
			isa = PBXSourcesBuildPhase;
			buildActionMask = 2147483647;
			files = (
				39C392952C7BC96400751A9B /* MoviesDetailViewController.swift in Sources */,
				39F726112C66AC4C00E3C5F8 /* HomeCollectionViewCell.swift in Sources */,
				3915B1462C751B8C00EFEE76 /* HomeViewModel.swift in Sources */,
				3915B13D2C731E5B00EFEE76 /* NetworkError.swift in Sources */,
				39F7260E2C655E8B00E3C5F8 /* HomeTableViewCell.swift in Sources */,
				39C283DE2C762F410073C8B5 /* HomeTableViewCellModel.swift in Sources */,
				397EA3102C635B520020FE9D /* HomeViewController.swift in Sources */,
				3915B1422C731F6B00EFEE76 /* Movie.swift in Sources */,
				397EA30C2C635B520020FE9D /* AppDelegate.swift in Sources */,
				397EA30E2C635B520020FE9D /* SceneDelegate.swift in Sources */,
				39EB15842C636EAE00C12DFA /* EndpointRepository.swift in Sources */,
				3915B13B2C731E1E00EFEE76 /* NetworkingLayer.swift in Sources */,
				3915B13F2C731E7300EFEE76 /* DataParser.swift in Sources */,
			);
			runOnlyForDeploymentPostprocessing = 0;
		};
/* End PBXSourcesBuildPhase section */

/* Begin PBXVariantGroup section */
		397EA3162C635B540020FE9D /* LaunchScreen.storyboard */ = {
			isa = PBXVariantGroup;
			children = (
				397EA3172C635B540020FE9D /* Base */,
			);
			name = LaunchScreen.storyboard;
			sourceTree = "<group>";
		};
/* End PBXVariantGroup section */

/* Begin XCBuildConfiguration section */
		397EA31A2C635B540020FE9D /* Debug */ = {
			isa = XCBuildConfiguration;
			buildSettings = {
				ALWAYS_SEARCH_USER_PATHS = NO;
				CLANG_ANALYZER_NONNULL = YES;
				CLANG_ANALYZER_NUMBER_OBJECT_CONVERSION = YES_AGGRESSIVE;
				CLANG_CXX_LANGUAGE_STANDARD = "gnu++20";
				CLANG_ENABLE_MODULES = YES;
				CLANG_ENABLE_OBJC_ARC = YES;
				CLANG_ENABLE_OBJC_WEAK = YES;
				CLANG_WARN_BLOCK_CAPTURE_AUTORELEASING = YES;
				CLANG_WARN_BOOL_CONVERSION = YES;
				CLANG_WARN_COMMA = YES;
				CLANG_WARN_CONSTANT_CONVERSION = YES;
				CLANG_WARN_DEPRECATED_OBJC_IMPLEMENTATIONS = YES;
				CLANG_WARN_DIRECT_OBJC_ISA_USAGE = YES_ERROR;
				CLANG_WARN_DOCUMENTATION_COMMENTS = YES;
				CLANG_WARN_EMPTY_BODY = YES;
				CLANG_WARN_ENUM_CONVERSION = YES;
				CLANG_WARN_INFINITE_RECURSION = YES;
				CLANG_WARN_INT_CONVERSION = YES;
				CLANG_WARN_NON_LITERAL_NULL_CONVERSION = YES;
				CLANG_WARN_OBJC_IMPLICIT_RETAIN_SELF = YES;
				CLANG_WARN_OBJC_LITERAL_CONVERSION = YES;
				CLANG_WARN_OBJC_ROOT_CLASS = YES_ERROR;
				CLANG_WARN_QUOTED_INCLUDE_IN_FRAMEWORK_HEADER = YES;
				CLANG_WARN_RANGE_LOOP_ANALYSIS = YES;
				CLANG_WARN_STRICT_PROTOTYPES = YES;
				CLANG_WARN_SUSPICIOUS_MOVE = YES;
				CLANG_WARN_UNGUARDED_AVAILABILITY = YES_AGGRESSIVE;
				CLANG_WARN_UNREACHABLE_CODE = YES;
				CLANG_WARN__DUPLICATE_METHOD_MATCH = YES;
				COPY_PHASE_STRIP = NO;
				DEBUG_INFORMATION_FORMAT = dwarf;
				ENABLE_STRICT_OBJC_MSGSEND = YES;
				ENABLE_TESTABILITY = YES;
				GCC_C_LANGUAGE_STANDARD = gnu11;
				GCC_DYNAMIC_NO_PIC = NO;
				GCC_NO_COMMON_BLOCKS = YES;
				GCC_OPTIMIZATION_LEVEL = 0;
				GCC_PREPROCESSOR_DEFINITIONS = (
					"DEBUG=1",
					"$(inherited)",
				);
				GCC_WARN_64_TO_32_BIT_CONVERSION = YES;
				GCC_WARN_ABOUT_RETURN_TYPE = YES_ERROR;
				GCC_WARN_UNDECLARED_SELECTOR = YES;
				GCC_WARN_UNINITIALIZED_AUTOS = YES_AGGRESSIVE;
				GCC_WARN_UNUSED_FUNCTION = YES;
				GCC_WARN_UNUSED_VARIABLE = YES;
				IPHONEOS_DEPLOYMENT_TARGET = 16.0;
				MTL_ENABLE_DEBUG_INFO = INCLUDE_SOURCE;
				MTL_FAST_MATH = YES;
				ONLY_ACTIVE_ARCH = YES;
				SDKROOT = iphoneos;
				SWIFT_ACTIVE_COMPILATION_CONDITIONS = DEBUG;
				SWIFT_OPTIMIZATION_LEVEL = "-Onone";
			};
			name = Debug;
		};
		397EA31B2C635B540020FE9D /* Release */ = {
			isa = XCBuildConfiguration;
			buildSettings = {
				ALWAYS_SEARCH_USER_PATHS = NO;
				CLANG_ANALYZER_NONNULL = YES;
				CLANG_ANALYZER_NUMBER_OBJECT_CONVERSION = YES_AGGRESSIVE;
				CLANG_CXX_LANGUAGE_STANDARD = "gnu++20";
				CLANG_ENABLE_MODULES = YES;
				CLANG_ENABLE_OBJC_ARC = YES;
				CLANG_ENABLE_OBJC_WEAK = YES;
				CLANG_WARN_BLOCK_CAPTURE_AUTORELEASING = YES;
				CLANG_WARN_BOOL_CONVERSION = YES;
				CLANG_WARN_COMMA = YES;
				CLANG_WARN_CONSTANT_CONVERSION = YES;
				CLANG_WARN_DEPRECATED_OBJC_IMPLEMENTATIONS = YES;
				CLANG_WARN_DIRECT_OBJC_ISA_USAGE = YES_ERROR;
				CLANG_WARN_DOCUMENTATION_COMMENTS = YES;
				CLANG_WARN_EMPTY_BODY = YES;
				CLANG_WARN_ENUM_CONVERSION = YES;
				CLANG_WARN_INFINITE_RECURSION = YES;
				CLANG_WARN_INT_CONVERSION = YES;
				CLANG_WARN_NON_LITERAL_NULL_CONVERSION = YES;
				CLANG_WARN_OBJC_IMPLICIT_RETAIN_SELF = YES;
				CLANG_WARN_OBJC_LITERAL_CONVERSION = YES;
				CLANG_WARN_OBJC_ROOT_CLASS = YES_ERROR;
				CLANG_WARN_QUOTED_INCLUDE_IN_FRAMEWORK_HEADER = YES;
				CLANG_WARN_RANGE_LOOP_ANALYSIS = YES;
				CLANG_WARN_STRICT_PROTOTYPES = YES;
				CLANG_WARN_SUSPICIOUS_MOVE = YES;
				CLANG_WARN_UNGUARDED_AVAILABILITY = YES_AGGRESSIVE;
				CLANG_WARN_UNREACHABLE_CODE = YES;
				CLANG_WARN__DUPLICATE_METHOD_MATCH = YES;
				COPY_PHASE_STRIP = NO;
				DEBUG_INFORMATION_FORMAT = "dwarf-with-dsym";
				ENABLE_NS_ASSERTIONS = NO;
				ENABLE_STRICT_OBJC_MSGSEND = YES;
				GCC_C_LANGUAGE_STANDARD = gnu11;
				GCC_NO_COMMON_BLOCKS = YES;
				GCC_WARN_64_TO_32_BIT_CONVERSION = YES;
				GCC_WARN_ABOUT_RETURN_TYPE = YES_ERROR;
				GCC_WARN_UNDECLARED_SELECTOR = YES;
				GCC_WARN_UNINITIALIZED_AUTOS = YES_AGGRESSIVE;
				GCC_WARN_UNUSED_FUNCTION = YES;
				GCC_WARN_UNUSED_VARIABLE = YES;
				IPHONEOS_DEPLOYMENT_TARGET = 16.0;
				MTL_ENABLE_DEBUG_INFO = NO;
				MTL_FAST_MATH = YES;
				SDKROOT = iphoneos;
				SWIFT_COMPILATION_MODE = wholemodule;
				SWIFT_OPTIMIZATION_LEVEL = "-O";
				VALIDATE_PRODUCT = YES;
			};
			name = Release;
		};
		397EA31D2C635B540020FE9D /* Debug */ = {
			isa = XCBuildConfiguration;
			buildSettings = {
				ASSETCATALOG_COMPILER_APPICON_NAME = AppIcon;
				ASSETCATALOG_COMPILER_GLOBAL_ACCENT_COLOR_NAME = AccentColor;
				CODE_SIGN_STYLE = Automatic;
				CURRENT_PROJECT_VERSION = 1;
				GENERATE_INFOPLIST_FILE = YES;
				INFOPLIST_FILE = Sauber/Info.plist;
				INFOPLIST_KEY_UIApplicationSupportsIndirectInputEvents = YES;
				INFOPLIST_KEY_UILaunchStoryboardName = LaunchScreen;
				INFOPLIST_KEY_UISupportedInterfaceOrientations_iPad = "UIInterfaceOrientationPortrait UIInterfaceOrientationPortraitUpsideDown UIInterfaceOrientationLandscapeLeft UIInterfaceOrientationLandscapeRight";
				INFOPLIST_KEY_UISupportedInterfaceOrientations_iPhone = "UIInterfaceOrientationPortrait UIInterfaceOrientationLandscapeLeft UIInterfaceOrientationLandscapeRight";
				LD_RUNPATH_SEARCH_PATHS = (
					"$(inherited)",
					"@executable_path/Frameworks",
				);
				MARKETING_VERSION = 1.0;
				PRODUCT_BUNDLE_IDENTIFIER = mariaammi.Sauber;
				PRODUCT_NAME = "$(TARGET_NAME)";
				SWIFT_EMIT_LOC_STRINGS = YES;
				SWIFT_VERSION = 5.0;
				TARGETED_DEVICE_FAMILY = "1,2";
			};
			name = Debug;
		};
		397EA31E2C635B540020FE9D /* Release */ = {
			isa = XCBuildConfiguration;
			buildSettings = {
				ASSETCATALOG_COMPILER_APPICON_NAME = AppIcon;
				ASSETCATALOG_COMPILER_GLOBAL_ACCENT_COLOR_NAME = AccentColor;
				CODE_SIGN_STYLE = Automatic;
				CURRENT_PROJECT_VERSION = 1;
				GENERATE_INFOPLIST_FILE = YES;
				INFOPLIST_FILE = Sauber/Info.plist;
				INFOPLIST_KEY_UIApplicationSupportsIndirectInputEvents = YES;
				INFOPLIST_KEY_UILaunchStoryboardName = LaunchScreen;
				INFOPLIST_KEY_UISupportedInterfaceOrientations_iPad = "UIInterfaceOrientationPortrait UIInterfaceOrientationPortraitUpsideDown UIInterfaceOrientationLandscapeLeft UIInterfaceOrientationLandscapeRight";
				INFOPLIST_KEY_UISupportedInterfaceOrientations_iPhone = "UIInterfaceOrientationPortrait UIInterfaceOrientationLandscapeLeft UIInterfaceOrientationLandscapeRight";
				LD_RUNPATH_SEARCH_PATHS = (
					"$(inherited)",
					"@executable_path/Frameworks",
				);
				MARKETING_VERSION = 1.0;
				PRODUCT_BUNDLE_IDENTIFIER = mariaammi.Sauber;
				PRODUCT_NAME = "$(TARGET_NAME)";
				SWIFT_EMIT_LOC_STRINGS = YES;
				SWIFT_VERSION = 5.0;
				TARGETED_DEVICE_FAMILY = "1,2";
			};
			name = Release;
		};
/* End XCBuildConfiguration section */

/* Begin XCConfigurationList section */
		397EA3032C635B520020FE9D /* Build configuration list for PBXProject "Sauber" */ = {
			isa = XCConfigurationList;
			buildConfigurations = (
				397EA31A2C635B540020FE9D /* Debug */,
				397EA31B2C635B540020FE9D /* Release */,
			);
			defaultConfigurationIsVisible = 0;
			defaultConfigurationName = Release;
		};
		397EA31C2C635B540020FE9D /* Build configuration list for PBXNativeTarget "Sauber" */ = {
			isa = XCConfigurationList;
			buildConfigurations = (
				397EA31D2C635B540020FE9D /* Debug */,
				397EA31E2C635B540020FE9D /* Release */,
			);
			defaultConfigurationIsVisible = 0;
			defaultConfigurationName = Release;
		};
/* End XCConfigurationList section */
	};
	rootObject = 397EA3002C635B520020FE9D /* Project object */;
}
